{
  "name": "nodejs",
  "version": "1.0.0",
  "lockfileVersion": 2,
  "requires": true,
  "packages": {
    "": {
      "name": "nodejs",
      "version": "1.0.0",
      "license": "ISC",
      "dependencies": {
        "@middy/core": "^2.5.7",
        "@middy/http-error-handler": "^2.5.7",
        "@middy/http-event-normalizer": "^2.5.7",
        "@middy/http-json-body-parser": "^2.5.7"
      }
    },
    "node_modules/@middy/core": {
      "version": "2.5.7",
      "resolved": "https://registry.npmjs.org/@middy/core/-/core-2.5.7.tgz",
      "integrity": "sha512-KX5Ud0SP+pol6PGkYtMCH4goHobs1XJo3OvEUwdiZUIjZgo56Q08nLu5N7Bs6P+FwGTQHA+hlQ3I5SZbfpO/jg==",
      "engines": {
        "node": ">=12"
      }
    },
    "node_modules/@middy/http-error-handler": {
      "version": "2.5.7",
      "resolved": "https://registry.npmjs.org/@middy/http-error-handler/-/http-error-handler-2.5.7.tgz",
      "integrity": "sha512-1/7L3OHGlQ2IuxL4e4Ylt81sfq5OX2G7q+uZoV5tP4d4KKVN8ftS1ExiMrZGH1r1fyVR3Voh9b2rHD6t/TZZyQ==",
      "dependencies": {
        "@middy/util": "^2.5.7"
      },
      "engines": {
        "node": ">=12"
      }
    },
    "node_modules/@middy/http-event-normalizer": {
      "version": "2.5.7",
      "resolved": "https://registry.npmjs.org/@middy/http-event-normalizer/-/http-event-normalizer-2.5.7.tgz",
      "integrity": "sha512-Pq/Cqurmar/DaQ6nYPfUD05fMu/pQwN+4a3NskiB6U3Bs6esFOjuTuE9kK/zD9uWU4Rqi1Axu2ZnzdMI2Sudwg==",
      "engines": {
        "node": ">=12"
      }
    },
    "node_modules/@middy/http-json-body-parser": {
      "version": "2.5.7",
      "resolved": "https://registry.npmjs.org/@middy/http-json-body-parser/-/http-json-body-parser-2.5.7.tgz",
      "integrity": "sha512-6xysTWlK8s8QTVyQE9MfXR6fIY9h26uyiD1rM0mmYzGhLqWmamHgJvXzpBVXyRwOej451zSfjdSgKU66nxZmrw==",
      "dependencies": {
        "@middy/util": "^2.5.7"
      },
      "engines": {
        "node": ">=12"
      }
    },
    "node_modules/@middy/util": {
      "version": "2.5.7",
      "resolved": "https://registry.npmjs.org/@middy/util/-/util-2.5.7.tgz",
      "integrity": "sha512-4CwEVfUyvF0n1qtEzrcrV56L7iQYyt6zChYQ9N5/uvQgAhdExLzOinW6ki1ZjTMgaMypqdHNUyDAEiAuNJLRUw==",
      "engines": {
        "node": ">=12"
      }
    }
  },
  "dependencies": {
    "@middy/core": {
      "version": "2.5.7",
      "resolved": "https://registry.npmjs.org/@middy/core/-/core-2.5.7.tgz",
      "integrity": "sha512-KX5Ud0SP+pol6PGkYtMCH4goHobs1XJo3OvEUwdiZUIjZgo56Q08nLu5N7Bs6P+FwGTQHA+hlQ3I5SZbfpO/jg=="
    },
    "@middy/http-error-handler": {
      "version": "2.5.7",
      "resolved": "https://registry.npmjs.org/@middy/http-error-handler/-/http-error-handler-2.5.7.tgz",
      "integrity": "sha512-1/7L3OHGlQ2IuxL4e4Ylt81sfq5OX2G7q+uZoV5tP4d4KKVN8ftS1ExiMrZGH1r1fyVR3Voh9b2rHD6t/TZZyQ==",
      "requires": {
        "@middy/util": "^2.5.7"
      }
    },
    "@middy/http-event-normalizer": {
      "version": "2.5.7",
      "resolved": "https://registry.npmjs.org/@middy/http-event-normalizer/-/http-event-normalizer-2.5.7.tgz",
      "integrity": "sha512-Pq/Cqurmar/DaQ6nYPfUD05fMu/pQwN+4a3NskiB6U3Bs6esFOjuTuE9kK/zD9uWU4Rqi1Axu2ZnzdMI2Sudwg=="
    },
    "@middy/http-json-body-parser": {
      "version": "2.5.7",
      "resolved": "https://registry.npmjs.org/@middy/http-json-body-parser/-/http-json-body-parser-2.5.7.tgz",
      "integrity": "sha512-6xysTWlK8s8QTVyQE9MfXR6fIY9h26uyiD1rM0mmYzGhLqWmamHgJvXzpBVXyRwOej451zSfjdSgKU66nxZmrw==",
      "requires": {
        "@middy/util": "^2.5.7"
      }
    },
    "@middy/util": {
      "version": "2.5.7",
      "resolved": "https://registry.npmjs.org/@middy/util/-/util-2.5.7.tgz",
      "integrity": "sha512-4CwEVfUyvF0n1qtEzrcrV56L7iQYyt6zChYQ9N5/uvQgAhdExLzOinW6ki1ZjTMgaMypqdHNUyDAEiAuNJLRUw=="
    }
  }
}
